
Microsoft Visual Studio Solution File, Format Version 12.00
Project("{F2A71F9B-5D33-465A-A702-920D77279786}") = "AoC2024", "AoC2024\AoC2024.fsproj", "{4C02B9E8-C771-489C-BF07-F3CD8FE472F6}"
EndProject
Global
	GlobalSection(SolutionConfigurationPlatforms) = preSolution
		Debug|Any CPU = Debug|Any CPU
		Release|Any CPU = Release|Any CPU
	EndGlobalSection
	GlobalSection(ProjectConfigurationPlatforms) = postSolution
		{4C02B9E8-C771-489C-BF07-F3CD8FE472F6}.Debug|Any CPU.ActiveCfg = Debug|Any CPU
		{4C02B9E8-C771-489C-BF07-F3CD8FE472F6}.Debug|Any CPU.Build.0 = Debug|Any CPU
		{4C02B9E8-C771-489C-BF07-F3CD8FE472F6}.Release|Any CPU.ActiveCfg = Release|Any CPU
		{4C02B9E8-C771-489C-BF07-F3CD8FE472F6}.Release|Any CPU.Build.0 = Release|Any CPU
	EndGlobalSection
EndGlobal
